{
  "name": "gatsby-starter-hello-world",
  "requires": true,
  "lockfileVersion": 1,
  "dependencies": {
    "babel-runtime": {
      "version": "6.26.0",
      "resolved": "https://registry.npmjs.org/babel-runtime/-/babel-runtime-6.26.0.tgz",
      "integrity": "sha1-llxwWGaOgrVde/4E/yM3vItWR/4=",
      "requires": {
        "core-js": "^2.4.0",
        "regenerator-runtime": "^0.11.0"
      }
    },
    "compass-vertical-rhythm": {
      "version": "1.4.5",
      "resolved": "https://registry.npmjs.org/compass-vertical-rhythm/-/compass-vertical-rhythm-1.4.5.tgz",
      "integrity": "sha512-bJo3IYX7xmmZCDYjrT2XolaiNjGZ4E2JvUGxpdU0ecbH4ZLK786wvc8aHKVrGrKct9JlkmJbUi8YLrQWvOc+uA==",
      "requires": {
        "convert-css-length": "^1.0.1",
        "object-assign": "^4.1.0",
        "parse-unit": "^1.0.1"
      }
    },
    "console-polyfill": {
      "version": "0.1.2",
      "resolved": "https://registry.npmjs.org/console-polyfill/-/console-polyfill-0.1.2.tgz",
      "integrity": "sha1-ls/tUcr3gYn2mVcubxgnHcN8DjA="
    },
    "convert-css-length": {
      "version": "1.0.2",
      "resolved": "https://registry.npmjs.org/convert-css-length/-/convert-css-length-1.0.2.tgz",
      "integrity": "sha512-ecV7j3hXyXN1X2XfJBzhMR0o1Obv0v3nHmn0UiS3ACENrzbxE/EknkiunS/fCwQva0U62X1GChi8GaPh4oTlLg==",
      "requires": {
        "console-polyfill": "^0.1.2",
        "parse-unit": "^1.0.1"
      }
    },
    "core-js": {
      "version": "2.5.5",
      "resolved": "https://registry.npmjs.org/core-js/-/core-js-2.5.5.tgz",
      "integrity": "sha1-sU3ek2xkDAV5prUMq8wTLdYSfjs="
    },
    "decamelize": {
      "version": "1.2.0",
      "resolved": "https://registry.npmjs.org/decamelize/-/decamelize-1.2.0.tgz",
      "integrity": "sha1-9lNNFRSCabIDUue+4m9QH5oZEpA="
    },
    "gatsby-plugin-typography": {
      "version": "1.7.19",
      "resolved": "https://registry.npmjs.org/gatsby-plugin-typography/-/gatsby-plugin-typography-1.7.19.tgz",
      "integrity": "sha1-ZKe7tJ0e1EVtvmtF8lqJHwamO20=",
      "requires": {
        "babel-runtime": "^6.26.0",
        "react-typography": "^0.16.1",
        "typography": "^0.16.0"
      }
    },
    "gray-percentage": {
      "version": "2.0.0",
      "resolved": "https://registry.npmjs.org/gray-percentage/-/gray-percentage-2.0.0.tgz",
      "integrity": "sha1-tyonTRsTeRBKAFC2OyB9xT/lb5k="
    },
    "lodash": {
      "version": "4.17.5",
      "resolved": "https://registry.npmjs.org/lodash/-/lodash-4.17.5.tgz",
      "integrity": "sha512-svL3uiZf1RwhH+cWrfZn3A4+U58wbP0tGVTLQPbjplZxZ8ROD9VLuNgsRniTlLe7OlSqR79RUehXgpBW/s0IQw=="
    },
    "lodash.isnumber": {
      "version": "3.0.3",
      "resolved": "https://registry.npmjs.org/lodash.isnumber/-/lodash.isnumber-3.0.3.tgz",
      "integrity": "sha1-POdoEMWSjQM1IwGsKHMX8RwLH/w="
    },
    "modularscale": {
      "version": "1.0.2",
      "resolved": "https://registry.npmjs.org/modularscale/-/modularscale-1.0.2.tgz",
      "integrity": "sha1-So8TrzKl5SFPxuLPxSkGSr/X2Hc=",
      "requires": {
        "lodash.isnumber": "^3.0.0"
      }
    },
    "object-assign": {
      "version": "4.1.1",
      "resolved": "https://registry.npmjs.org/object-assign/-/object-assign-4.1.1.tgz",
      "integrity": "sha1-IQmtx5ZYh8/AXLvUQsrIv7s2CGM="
    },
    "parse-unit": {
      "version": "1.0.1",
      "resolved": "https://registry.npmjs.org/parse-unit/-/parse-unit-1.0.1.tgz",
      "integrity": "sha1-fhu21b7zh0wo45JSaiVBFwKR7s8="
    },
    "react-typography": {
      "version": "0.16.13",
      "resolved": "https://registry.npmjs.org/react-typography/-/react-typography-0.16.13.tgz",
      "integrity": "sha512-lqyl8yqRN6O8Gn596+9QpRegmjnUaNvJuz11u99+gJ2hJ2iSUFqlLDfCs+j8+y0efCFyM5+oy2IYNBwBCTF9qQ=="
    },
    "regenerator-runtime": {
      "version": "0.11.1",
      "resolved": "https://registry.npmjs.org/regenerator-runtime/-/regenerator-runtime-0.11.1.tgz",
      "integrity": "sha512-MguG95oij0fC3QV3URf4V2SDYGJhJnJGqvIIgdECeODCT98wSWDAJ94SSuVpYQUoTcGUIL6L4yNB7j1DFFHSBg=="
    },
    "typography": {
      "version": "0.16.17",
      "resolved": "https://registry.npmjs.org/typography/-/typography-0.16.17.tgz",
      "integrity": "sha512-9fnPV0g6jDKoIXm5ljs9Ywa5NNZ5Map9FVhEbtcB08dEL3ymgADDTjGExKG4wr8cY7KAFEPnNud0BsvQLPJ++g==",
      "requires": {
        "compass-vertical-rhythm": "^1.4.5",
        "decamelize": "^1.2.0",
        "gray-percentage": "^2.0.0",
        "lodash": "^4.13.1",
        "modularscale": "^1.0.2",
        "object-assign": "^4.1.0",
        "typography-normalize": "^0.14.0"
      }
    },
    "typography-breakpoint-constants": {
      "version": "0.15.10",
      "resolved": "https://registry.npmjs.org/typography-breakpoint-constants/-/typography-breakpoint-constants-0.15.10.tgz",
      "integrity": "sha1-vVMI3VclDn8oqMbhwOZo3fEXjFw="
    },
    "typography-normalize": {
      "version": "0.14.0",
      "resolved": "https://registry.npmjs.org/typography-normalize/-/typography-normalize-0.14.0.tgz",
      "integrity": "sha1-HXfB/iqvSlGzZzxMhchaZaLUtXM="
    },
    "typography-theme-kirkham": {
      "version": "0.16.3",
      "resolved": "https://registry.npmjs.org/typography-theme-kirkham/-/typography-theme-kirkham-0.16.3.tgz",
      "integrity": "sha1-d9AqcMz1Y0V//oTTzE8ilVq+j2M=",
      "requires": {
        "gray-percentage": "^2.0.0",
        "typography-breakpoint-constants": "^0.15.10"
      }
    }
  }
}
